{
  "name": "test_folder",
  "version": "1.0.0",
  "lockfileVersion": 2,
  "requires": true,
  "packages": {
    "": {
      "name": "test_folder",
      "version": "1.0.0",
      "license": "ISC",
      "dependencies": {
        "fiesta_calc": "^1.0.0"
      }
    },
    "node_modules/fiesta_calc": {
      "version": "1.0.0",
      "resolved": "https://registry.npmjs.org/fiesta_calc/-/fiesta_calc-1.0.0.tgz",
      "integrity": "sha512-ojf1NhRaQpQ60vWF4SdVP2KWI5BMZVVoDiUMQyXcf00W7RqOELprO8h0yOXMCPlTZjK9zqjQz47ScXADSS4QZw=="
    }
  },
  "dependencies": {
    "fiesta_calc": {
      "version": "1.0.0",
      "resolved": "https://registry.npmjs.org/fiesta_calc/-/fiesta_calc-1.0.0.tgz",
      "integrity": "sha512-ojf1NhRaQpQ60vWF4SdVP2KWI5BMZVVoDiUMQyXcf00W7RqOELprO8h0yOXMCPlTZjK9zqjQz47ScXADSS4QZw=="
    }
  }
}
